// !$*UTF8*$!
{
	archiveVersion = 1;
	classes = {
	};
	objectVersion = 56;
	objects = {

/* Begin PBXBuildFile section */
		3B182B0F2B9E45A30028C359 /* AFPApp.swift in Sources */ = {isa = PBXBuildFile; fileRef = 3B182B0E2B9E45A30028C359 /* AFPApp.swift */; };
		3B182B112B9E45A30028C359 /* ContentView.swift in Sources */ = {isa = PBXBuildFile; fileRef = 3B182B102B9E45A30028C359 /* ContentView.swift */; };
		3B182B132B9E45A50028C359 /* Assets.xcassets in Resources */ = {isa = PBXBuildFile; fileRef = 3B182B122B9E45A50028C359 /* Assets.xcassets */; };
		3B182B162B9E45A50028C359 /* Preview Assets.xcassets in Resources */ = {isa = PBXBuildFile; fileRef = 3B182B152B9E45A50028C359 /* Preview Assets.xcassets */; };
		3B182B1F2B9E46220028C359 /* DetailsUtilisateursView.swift in Sources */ = {isa = PBXBuildFile; fileRef = 3B182B1E2B9E46220028C359 /* DetailsUtilisateursView.swift */; };
		3B182B212B9E465E0028C359 /* LesGroupesView.swift in Sources */ = {isa = PBXBuildFile; fileRef = 3B182B202B9E465E0028C359 /* LesGroupesView.swift */; };
		3B73EAB42B9F6658001DADE4 /* Tableau.swift in Sources */ = {isa = PBXBuildFile; fileRef = 3B73EAB32B9F6658001DADE4 /* Tableau.swift */; };
		3B73EAB62B9F7193001DADE4 /* tableauxGroupe.swift in Sources */ = {isa = PBXBuildFile; fileRef = 3B73EAB52B9F7193001DADE4 /* tableauxGroupe.swift */; };
		3B73EAB82B9F7BC9001DADE4 /* DetailsGroupesView.swift in Sources */ = {isa = PBXBuildFile; fileRef = 3B73EAB72B9F7BC9001DADE4 /* DetailsGroupesView.swift */; };
/* End PBXBuildFile section */

/* Begin PBXFileReference section */
		3B182B0B2B9E45A30028C359 /* AFP.app */ = {isa = PBXFileReference; explicitFileType = wrapper.application; includeInIndex = 0; path = AFP.app; sourceTree = BUILT_PRODUCTS_DIR; };
		3B182B0E2B9E45A30028C359 /* AFPApp.swift */ = {isa = PBXFileReference; lastKnownFileType = sourcecode.swift; path = AFPApp.swift; sourceTree = "<group>"; };
		3B182B102B9E45A30028C359 /* ContentView.swift */ = {isa = PBXFileReference; lastKnownFileType = sourcecode.swift; path = ContentView.swift; sourceTree = "<group>"; };
		3B182B122B9E45A50028C359 /* Assets.xcassets */ = {isa = PBXFileReference; lastKnownFileType = folder.assetcatalog; path = Assets.xcassets; sourceTree = "<group>"; };
		3B182B152B9E45A50028C359 /* Preview Assets.xcassets */ = {isa = PBXFileReference; lastKnownFileType = folder.assetcatalog; path = "Preview Assets.xcassets"; sourceTree = "<group>"; };
		3B182B1E2B9E46220028C359 /* DetailsUtilisateursView.swift */ = {isa = PBXFileReference; lastKnownFileType = sourcecode.swift; path = DetailsUtilisateursView.swift; sourceTree = "<group>"; };
		3B182B202B9E465E0028C359 /* LesGroupesView.swift */ = {isa = PBXFileReference; lastKnownFileType = sourcecode.swift; path = LesGroupesView.swift; sourceTree = "<group>"; };
		3B73EAB32B9F6658001DADE4 /* Tableau.swift */ = {isa = PBXFileReference; lastKnownFileType = sourcecode.swift; path = Tableau.swift; sourceTree = "<group>"; };
		3B73EAB52B9F7193001DADE4 /* tableauxGroupe.swift */ = {isa = PBXFileReference; lastKnownFileType = sourcecode.swift; path = tableauxGroupe.swift; sourceTree = "<group>"; };
		3B73EAB72B9F7BC9001DADE4 /* DetailsGroupesView.swift */ = {isa = PBXFileReference; lastKnownFileType = sourcecode.swift; path = DetailsGroupesView.swift; sourceTree = "<group>"; };
/* End PBXFileReference section */

/* Begin PBXFrameworksBuildPhase section */
		3B182B082B9E45A30028C359 /* Frameworks */ = {
			isa = PBXFrameworksBuildPhase;
			buildActionMask = 2147483647;
			files = (
			);
			runOnlyForDeploymentPostprocessing = 0;
		};
/* End PBXFrameworksBuildPhase section */

/* Begin PBXGroup section */
		3B182B022B9E45A30028C359 = {
			isa = PBXGroup;
			children = (
				3B182B0D2B9E45A30028C359 /* AFP */,
				3B182B0C2B9E45A30028C359 /* Products */,
			);
			sourceTree = "<group>";
		};
		3B182B0C2B9E45A30028C359 /* Products */ = {
			isa = PBXGroup;
			children = (
				3B182B0B2B9E45A30028C359 /* AFP.app */,
			);
			name = Products;
			sourceTree = "<group>";
		};
		3B182B0D2B9E45A30028C359 /* AFP */ = {
			isa = PBXGroup;
			children = (
				3B182B0E2B9E45A30028C359 /* AFPApp.swift */,
				3B182B102B9E45A30028C359 /* ContentView.swift */,
				3B182B1E2B9E46220028C359 /* DetailsUtilisateursView.swift */,
				3B73EAB32B9F6658001DADE4 /* Tableau.swift */,
				3B182B202B9E465E0028C359 /* LesGroupesView.swift */,
				3B73EAB72B9F7BC9001DADE4 /* DetailsGroupesView.swift */,
				3B73EAB52B9F7193001DADE4 /* tableauxGroupe.swift */,
				3B182B122B9E45A50028C359 /* Assets.xcassets */,
				3B182B142B9E45A50028C359 /* Preview Content */,
			);
			path = AFP;
			sourceTree = "<group>";
		};
		3B182B142B9E45A50028C359 /* Preview Content */ = {
			isa = PBXGroup;
			children = (
				3B182B152B9E45A50028C359 /* Preview Assets.xcassets */,
			);
			path = "Preview Content";
			sourceTree = "<group>";
		};
/* End PBXGroup section */

/* Begin PBXNativeTarget section */
		3B182B0A2B9E45A30028C359 /* AFP */ = {
			isa = PBXNativeTarget;
			buildConfigurationList = 3B182B192B9E45A50028C359 /* Build configuration list for PBXNativeTarget "AFP" */;
			buildPhases = (
				3B182B072B9E45A30028C359 /* Sources */,
				3B182B082B9E45A30028C359 /* Frameworks */,
				3B182B092B9E45A30028C359 /* Resources */,
			);
			buildRules = (
			);
			dependencies = (
			);
			name = AFP;
			productName = AFP;
			productReference = 3B182B0B2B9E45A30028C359 /* AFP.app */;
			productType = "com.apple.product-type.application";
		};
/* End PBXNativeTarget section */

/* Begin PBXProject section */
		3B182B032B9E45A30028C359 /* Project object */ = {
			isa = PBXProject;
			attributes = {
				BuildIndependentTargetsInParallel = 1;
				LastSwiftUpdateCheck = 1520;
				LastUpgradeCheck = 1520;
				TargetAttributes = {
					3B182B0A2B9E45A30028C359 = {
						CreatedOnToolsVersion = 15.2;
					};
				};
			};
			buildConfigurationList = 3B182B062B9E45A30028C359 /* Build configuration list for PBXProject "AFP" */;
			compatibilityVersion = "Xcode 14.0";
			developmentRegion = en;
			hasScannedForEncodings = 0;
			knownRegions = (
				en,
				Base,
			);
			mainGroup = 3B182B022B9E45A30028C359;
			productRefGroup = 3B182B0C2B9E45A30028C359 /* Products */;
			projectDirPath = "";
			projectRoot = "";
			targets = (
				3B182B0A2B9E45A30028C359 /* AFP */,
			);
		};
/* End PBXProject section */

/* Begin PBXResourcesBuildPhase section */
		3B182B092B9E45A30028C359 /* Resources */ = {
			isa = PBXResourcesBuildPhase;
			buildActionMask = 2147483647;
			files = (
				3B182B162B9E45A50028C359 /* Preview Assets.xcassets in Resources */,
				3B182B132B9E45A50028C359 /* Assets.xcassets in Resources */,
			);
			runOnlyForDeploymentPostprocessing = 0;
		};
/* End PBXResourcesBuildPhase section */

/* Begin PBXSourcesBuildPhase section */
		3B182B072B9E45A30028C359 /* Sources */ = {
			isa = PBXSourcesBuildPhase;
			buildActionMask = 2147483647;
			files = (
				3B73EAB62B9F7193001DADE4 /* tableauxGroupe.swift in Sources */,
				3B182B112B9E45A30028C359 /* ContentView.swift in Sources */,
				3B182B212B9E465E0028C359 /* LesGroupesView.swift in Sources */,
				3B182B0F2B9E45A30028C359 /* AFPApp.swift in Sources */,
				3B73EAB42B9F6658001DADE4 /* Tableau.swift in Sources */,
				3B73EAB82B9F7BC9001DADE4 /* DetailsGroupesView.swift in Sources */,
				3B182B1F2B9E46220028C359 /* DetailsUtilisateursView.swift in Sources */,
			);
			runOnlyForDeploymentPostprocessing = 0;
		};
/* End PBXSourcesBuildPhase section */

/* Begin XCBuildConfiguration section */
		3B182B172B9E45A50028C359 /* Debug */ = {
			isa = XCBuildConfiguration;
			buildSettings = {
				ALWAYS_SEARCH_USER_PATHS = NO;
				ASSETCATALOG_COMPILER_GENERATE_SWIFT_ASSET_SYMBOL_EXTENSIONS = YES;
				CLANG_ANALYZER_NONNULL = YES;
				CLANG_ANALYZER_NUMBER_OBJECT_CONVERSION = YES_AGGRESSIVE;
				CLANG_CXX_LANGUAGE_STANDARD = "gnu++20";
				CLANG_ENABLE_MODULES = YES;
				CLANG_ENABLE_OBJC_ARC = YES;
				CLANG_ENABLE_OBJC_WEAK = YES;
				CLANG_WARN_BLOCK_CAPTURE_AUTORELEASING = YES;
				CLANG_WARN_BOOL_CONVERSION = YES;
				CLANG_WARN_COMMA = YES;
				CLANG_WARN_CONSTANT_CONVERSION = YES;
				CLANG_WARN_DEPRECATED_OBJC_IMPLEMENTATIONS = YES;
				CLANG_WARN_DIRECT_OBJC_ISA_USAGE = YES_ERROR;
				CLANG_WARN_DOCUMENTATION_COMMENTS = YES;
				CLANG_WARN_EMPTY_BODY = YES;
				CLANG_WARN_ENUM_CONVERSION = YES;
				CLANG_WARN_INFINITE_RECURSION = YES;
				CLANG_WARN_INT_CONVERSION = YES;
				CLANG_WARN_NON_LITERAL_NULL_CONVERSION = YES;
				CLANG_WARN_OBJC_IMPLICIT_RETAIN_SELF = YES;
				CLANG_WARN_OBJC_LITERAL_CONVERSION = YES;
				CLANG_WARN_OBJC_ROOT_CLASS = YES_ERROR;
				CLANG_WARN_QUOTED_INCLUDE_IN_FRAMEWORK_HEADER = YES;
				CLANG_WARN_RANGE_LOOP_ANALYSIS = YES;
				CLANG_WARN_STRICT_PROTOTYPES = YES;
				CLANG_WARN_SUSPICIOUS_MOVE = YES;
				CLANG_WARN_UNGUARDED_AVAILABILITY = YES_AGGRESSIVE;
				CLANG_WARN_UNREACHABLE_CODE = YES;
				CLANG_WARN__DUPLICATE_METHOD_MATCH = YES;
				COPY_PHASE_STRIP = NO;
				DEBUG_INFORMATION_FORMAT = dwarf;
				ENABLE_STRICT_OBJC_MSGSEND = YES;
				ENABLE_TESTABILITY = YES;
				ENABLE_USER_SCRIPT_SANDBOXING = YES;
				GCC_C_LANGUAGE_STANDARD = gnu17;
				GCC_DYNAMIC_NO_PIC = NO;
				GCC_NO_COMMON_BLOCKS = YES;
				GCC_OPTIMIZATION_LEVEL = 0;
				GCC_PREPROCESSOR_DEFINITIONS = (
					"DEBUG=1",
					"$(inherited)",
				);
				GCC_WARN_64_TO_32_BIT_CONVERSION = YES;
				GCC_WARN_ABOUT_RETURN_TYPE = YES_ERROR;
				GCC_WARN_UNDECLARED_SELECTOR = YES;
				GCC_WARN_UNINITIALIZED_AUTOS = YES_AGGRESSIVE;
				GCC_WARN_UNUSED_FUNCTION = YES;
				GCC_WARN_UNUSED_VARIABLE = YES;
				IPHONEOS_DEPLOYMENT_TARGET = 17.2;
				LOCALIZATION_PREFERS_STRING_CATALOGS = YES;
				MTL_ENABLE_DEBUG_INFO = INCLUDE_SOURCE;
				MTL_FAST_MATH = YES;
				ONLY_ACTIVE_ARCH = YES;
				SDKROOT = iphoneos;
				SWIFT_ACTIVE_COMPILATION_CONDITIONS = "DEBUG $(inherited)";
				SWIFT_OPTIMIZATION_LEVEL = "-Onone";
			};
			name = Debug;
		};
		3B182B182B9E45A50028C359 /* Release */ = {
			isa = XCBuildConfiguration;
			buildSettings = {
				ALWAYS_SEARCH_USER_PATHS = NO;
				ASSETCATALOG_COMPILER_GENERATE_SWIFT_ASSET_SYMBOL_EXTENSIONS = YES;
				CLANG_ANALYZER_NONNULL = YES;
				CLANG_ANALYZER_NUMBER_OBJECT_CONVERSION = YES_AGGRESSIVE;
				CLANG_CXX_LANGUAGE_STANDARD = "gnu++20";
				CLANG_ENABLE_MODULES = YES;
				CLANG_ENABLE_OBJC_ARC = YES;
				CLANG_ENABLE_OBJC_WEAK = YES;
				CLANG_WARN_BLOCK_CAPTURE_AUTORELEASING = YES;
				CLANG_WARN_BOOL_CONVERSION = YES;
				CLANG_WARN_COMMA = YES;
				CLANG_WARN_CONSTANT_CONVERSION = YES;
				CLANG_WARN_DEPRECATED_OBJC_IMPLEMENTATIONS = YES;
				CLANG_WARN_DIRECT_OBJC_ISA_USAGE = YES_ERROR;
				CLANG_WARN_DOCUMENTATION_COMMENTS = YES;
				CLANG_WARN_EMPTY_BODY = YES;
				CLANG_WARN_ENUM_CONVERSION = YES;
				CLANG_WARN_INFINITE_RECURSION = YES;
				CLANG_WARN_INT_CONVERSION = YES;
				CLANG_WARN_NON_LITERAL_NULL_CONVERSION = YES;
				CLANG_WARN_OBJC_IMPLICIT_RETAIN_SELF = YES;
				CLANG_WARN_OBJC_LITERAL_CONVERSION = YES;
				CLANG_WARN_OBJC_ROOT_CLASS = YES_ERROR;
				CLANG_WARN_QUOTED_INCLUDE_IN_FRAMEWORK_HEADER = YES;
				CLANG_WARN_RANGE_LOOP_ANALYSIS = YES;
				CLANG_WARN_STRICT_PROTOTYPES = YES;
				CLANG_WARN_SUSPICIOUS_MOVE = YES;
				CLANG_WARN_UNGUARDED_AVAILABILITY = YES_AGGRESSIVE;
				CLANG_WARN_UNREACHABLE_CODE = YES;
				CLANG_WARN__DUPLICATE_METHOD_MATCH = YES;
				COPY_PHASE_STRIP = NO;
				DEBUG_INFORMATION_FORMAT = "dwarf-with-dsym";
				ENABLE_NS_ASSERTIONS = NO;
				ENABLE_STRICT_OBJC_MSGSEND = YES;
				ENABLE_USER_SCRIPT_SANDBOXING = YES;
				GCC_C_LANGUAGE_STANDARD = gnu17;
				GCC_NO_COMMON_BLOCKS = YES;
				GCC_WARN_64_TO_32_BIT_CONVERSION = YES;
				GCC_WARN_ABOUT_RETURN_TYPE = YES_ERROR;
				GCC_WARN_UNDECLARED_SELECTOR = YES;
				GCC_WARN_UNINITIALIZED_AUTOS = YES_AGGRESSIVE;
				GCC_WARN_UNUSED_FUNCTION = YES;
				GCC_WARN_UNUSED_VARIABLE = YES;
				IPHONEOS_DEPLOYMENT_TARGET = 17.2;
				LOCALIZATION_PREFERS_STRING_CATALOGS = YES;
				MTL_ENABLE_DEBUG_INFO = NO;
				MTL_FAST_MATH = YES;
				SDKROOT = iphoneos;
				SWIFT_COMPILATION_MODE = wholemodule;
				VALIDATE_PRODUCT = YES;
			};
			name = Release;
		};
		3B182B1A2B9E45A50028C359 /* Debug */ = {
			isa = XCBuildConfiguration;
			buildSettings = {
				ASSETCATALOG_COMPILER_APPICON_NAME = AppIcon;
				ASSETCATALOG_COMPILER_GLOBAL_ACCENT_COLOR_NAME = AccentColor;
				CODE_SIGN_STYLE = Automatic;
				CURRENT_PROJECT_VERSION = 1;
				DEVELOPMENT_ASSET_PATHS = "\"AFP/Preview Content\"";
				ENABLE_PREVIEWS = YES;
				GENERATE_INFOPLIST_FILE = YES;
				INFOPLIST_KEY_UIApplicationSceneManifest_Generation = YES;
				INFOPLIST_KEY_UIApplicationSupportsIndirectInputEvents = YES;
				INFOPLIST_KEY_UILaunchScreen_Generation = YES;
				INFOPLIST_KEY_UISupportedInterfaceOrientations_iPad = "UIInterfaceOrientationPortrait UIInterfaceOrientationPortraitUpsideDown UIInterfaceOrientationLandscapeLeft UIInterfaceOrientationLandscapeRight";
				INFOPLIST_KEY_UISupportedInterfaceOrientations_iPhone = "UIInterfaceOrientationPortrait UIInterfaceOrientationLandscapeLeft UIInterfaceOrientationLandscapeRight";
				LD_RUNPATH_SEARCH_PATHS = (
					"$(inherited)",
					"@executable_path/Frameworks",
				);
				MARKETING_VERSION = 1.0;
				PRODUCT_BUNDLE_IDENTIFIER = AFPAPPView.AFP;
				PRODUCT_NAME = "$(TARGET_NAME)";
				SWIFT_EMIT_LOC_STRINGS = YES;
				SWIFT_VERSION = 5.0;
				TARGETED_DEVICE_FAMILY = "1,2";
			};
			name = Debug;
		};
		3B182B1B2B9E45A50028C359 /* Release */ = {
			isa = XCBuildConfiguration;
			buildSettings = {
				ASSETCATALOG_COMPILER_APPICON_NAME = AppIcon;
				ASSETCATALOG_COMPILER_GLOBAL_ACCENT_COLOR_NAME = AccentColor;
				CODE_SIGN_STYLE = Automatic;
				CURRENT_PROJECT_VERSION = 1;
				DEVELOPMENT_ASSET_PATHS = "\"AFP/Preview Content\"";
				ENABLE_PREVIEWS = YES;
				GENERATE_INFOPLIST_FILE = YES;
				INFOPLIST_KEY_UIApplicationSceneManifest_Generation = YES;
				INFOPLIST_KEY_UIApplicationSupportsIndirectInputEvents = YES;
				INFOPLIST_KEY_UILaunchScreen_Generation = YES;
				INFOPLIST_KEY_UISupportedInterfaceOrientations_iPad = "UIInterfaceOrientationPortrait UIInterfaceOrientationPortraitUpsideDown UIInterfaceOrientationLandscapeLeft UIInterfaceOrientationLandscapeRight";
				INFOPLIST_KEY_UISupportedInterfaceOrientations_iPhone = "UIInterfaceOrientationPortrait UIInterfaceOrientationLandscapeLeft UIInterfaceOrientationLandscapeRight";
				LD_RUNPATH_SEARCH_PATHS = (
					"$(inherited)",
					"@executable_path/Frameworks",
				);
				MARKETING_VERSION = 1.0;
				PRODUCT_BUNDLE_IDENTIFIER = AFPAPPView.AFP;
				PRODUCT_NAME = "$(TARGET_NAME)";
				SWIFT_EMIT_LOC_STRINGS = YES;
				SWIFT_VERSION = 5.0;
				TARGETED_DEVICE_FAMILY = "1,2";
			};
			name = Release;
		};
/* End XCBuildConfiguration section */

/* Begin XCConfigurationList section */
		3B182B062B9E45A30028C359 /* Build configuration list for PBXProject "AFP" */ = {
			isa = XCConfigurationList;
			buildConfigurations = (
				3B182B172B9E45A50028C359 /* Debug */,
				3B182B182B9E45A50028C359 /* Release */,
			);
			defaultConfigurationIsVisible = 0;
			defaultConfigurationName = Release;
		};
		3B182B192B9E45A50028C359 /* Build configuration list for PBXNativeTarget "AFP" */ = {
			isa = XCConfigurationList;
			buildConfigurations = (
				3B182B1A2B9E45A50028C359 /* Debug */,
				3B182B1B2B9E45A50028C359 /* Release */,
			);
			defaultConfigurationIsVisible = 0;
			defaultConfigurationName = Release;
		};
/* End XCConfigurationList section */
	};
	rootObject = 3B182B032B9E45A30028C359 /* Project object */;
}
